
Microsoft Visual Studio Solution File, Format Version 12.00
# Visual Studio Version 17
VisualStudioVersion = 17.4.33403.182
MinimumVisualStudioVersion = 10.0.40219.1
Project("{FAE04EC0-301F-11D3-BF4B-00C04F79EFBC}") = "XmlWithForm", "XmlWithForm.csproj", "{B27CA1ED-35F1-4D33-9223-D53D525F507C}"
EndProject
Global
	GlobalSection(SolutionConfigurationPlatforms) = preSolution
		Debug|Any CPU = Debug|Any CPU
		Release|Any CPU = Release|Any CPU
	EndGlobalSection
	GlobalSection(ProjectConfigurationPlatforms) = postSolution
		{B27CA1ED-35F1-4D33-9223-D53D525F507C}.Debug|Any CPU.ActiveCfg = Debug|Any CPU
		{B27CA1ED-35F1-4D33-9223-D53D525F507C}.Debug|Any CPU.Build.0 = Debug|Any CPU
		{B27CA1ED-35F1-4D33-9223-D53D525F507C}.Release|Any CPU.ActiveCfg = Release|Any CPU
		{B27CA1ED-35F1-4D33-9223-D53D525F507C}.Release|Any CPU.Build.0 = Release|Any CPU
	EndGlobalSection
	GlobalSection(SolutionProperties) = preSolution
		HideSolutionNode = FALSE
	EndGlobalSection
	GlobalSection(ExtensibilityGlobals) = postSolution
		SolutionGuid = {E49D66AB-AF28-46EE-814D-682025EF61DD}
	EndGlobalSection
EndGlobal
